
Microsoft Visual Studio Solution File, Format Version 12.00
# Visual Studio Version 17
VisualStudioVersion = 17.3.32922.545
MinimumVisualStudioVersion = 10.0.40219.1
Project("{9A19103F-16F7-4668-BE54-9A1E7A4F7556}") = "JSON-.NET", "JSON-.NET\JSON-.NET.csproj", "{12D53D9B-3F9A-4639-AEA4-939B8C41CAC7}"
EndProject
Global
	GlobalSection(SolutionConfigurationPlatforms) = preSolution
		Debug|Any CPU = Debug|Any CPU
		Debug|x64 = Debug|x64
		Debug|x86 = Debug|x86
		Release|Any CPU = Release|Any CPU
		Release|x64 = Release|x64
		Release|x86 = Release|x86
	EndGlobalSection
	GlobalSection(ProjectConfigurationPlatforms) = postSolution
		{12D53D9B-3F9A-4639-AEA4-939B8C41CAC7}.Debug|Any CPU.ActiveCfg = Debug|Any CPU
		{12D53D9B-3F9A-4639-AEA4-939B8C41CAC7}.Debug|Any CPU.Build.0 = Debug|Any CPU
		{12D53D9B-3F9A-4639-AEA4-939B8C41CAC7}.Debug|x64.ActiveCfg = Debug|Any CPU
		{12D53D9B-3F9A-4639-AEA4-939B8C41CAC7}.Debug|x64.Build.0 = Debug|Any CPU
		{12D53D9B-3F9A-4639-AEA4-939B8C41CAC7}.Debug|x86.ActiveCfg = Debug|Any CPU
		{12D53D9B-3F9A-4639-AEA4-939B8C41CAC7}.Debug|x86.Build.0 = Debug|Any CPU
		{12D53D9B-3F9A-4639-AEA4-939B8C41CAC7}.Release|Any CPU.ActiveCfg = Release|Any CPU
		{12D53D9B-3F9A-4639-AEA4-939B8C41CAC7}.Release|Any CPU.Build.0 = Release|Any CPU
		{12D53D9B-3F9A-4639-AEA4-939B8C41CAC7}.Release|x64.ActiveCfg = Release|Any CPU
		{12D53D9B-3F9A-4639-AEA4-939B8C41CAC7}.Release|x64.Build.0 = Release|Any CPU
		{12D53D9B-3F9A-4639-AEA4-939B8C41CAC7}.Release|x86.ActiveCfg = Release|Any CPU
		{12D53D9B-3F9A-4639-AEA4-939B8C41CAC7}.Release|x86.Build.0 = Release|Any CPU
	EndGlobalSection
	GlobalSection(SolutionProperties) = preSolution
		HideSolutionNode = FALSE
	EndGlobalSection
	GlobalSection(ExtensibilityGlobals) = postSolution
		SolutionGuid = {6E780A86-1C7A-4FE1-AF55-7170D2ECD21C}
	EndGlobalSection
EndGlobal
