<?xml version="1.0" encoding="utf-8"?>
<Project ToolsVersion="4.0" xmlns="http://schemas.microsoft.com/developer/msbuild/2003">
  <ItemGroup>
    <ClCompile Include="stdafx.cpp">
      <Filter>0.Common</Filter>
    </ClCompile>
    <ClCompile Include="ClassRegister.cpp">
      <Filter>C/C++</Filter>
    </ClCompile>
    <ClCompile Include="FunctionCall.cpp">
      <Filter>C/C++</Filter>
    </ClCompile>
    <ClCompile Include="FunctionRegister.cpp">
      <Filter>C/C++</Filter>
    </ClCompile>
    <ClCompile Include="GlobalVariable.cpp">
      <Filter>C/C++</Filter>
    </ClCompile>
    <ClCompile Include="TableAccess.cpp">
      <Filter>C/C++</Filter>
    </ClCompile>
    <ClCompile Include="main.cpp" />
  </ItemGroup>
  <ItemGroup>
    <ClInclude Include="TestFunction.h" />
    <ClInclude Include="stdafx.h">
      <Filter>0.Common</Filter>
    </ClInclude>
    <ClInclude Include="targetver.h">
      <Filter>0.Common</Filter>
    </ClInclude>
    <ClInclude Include="CRT_MemoryCheck.h">
      <Filter>Utility</Filter>
    </ClInclude>
  </ItemGroup>
  <ItemGroup>
    <None Include="ReadMe.txt" />
    <None Include="ClassRegister.lua">
      <Filter>Lua</Filter>
    </None>
    <None Include="FunctionCall.lua">
      <Filter>Lua</Filter>
    </None>
    <None Include="FunctionRegister.lua">
      <Filter>Lua</Filter>
    </None>
    <None Include="GlobalVariable.lua">
      <Filter>Lua</Filter>
    </None>
    <None Include="TableAccess.lua">
      <Filter>Lua</Filter>
    </None>
  </ItemGroup>
  <ItemGroup>
    <Filter Include="0.Common">
      <UniqueIdentifier>{da59a94b-2318-457a-b49a-9efbfaa8b518}</UniqueIdentifier>
    </Filter>
    <Filter Include="C/C++">
      <UniqueIdentifier>{cbcc5c8c-4175-421d-be39-2c9dcfb94d64}</UniqueIdentifier>
    </Filter>
    <Filter Include="Lua">
      <UniqueIdentifier>{06eb126c-5c21-41ef-ad52-a6b9b6b15370}</UniqueIdentifier>
    </Filter>
    <Filter Include="Utility">
      <UniqueIdentifier>{c31755c6-e1e9-46da-abbd-dd0bb2b2ee98}</UniqueIdentifier>
    </Filter>
  </ItemGroup>
</Project>