
Microsoft Visual Studio Solution File, Format Version 12.00
# Visual Studio Version 17
VisualStudioVersion = 17.3.32922.545
MinimumVisualStudioVersion = 10.0.40219.1
Project("{9A19103F-16F7-4668-BE54-9A1E7A4F7556}") = "ProtoBuf-CSharp", "ProtoBuf-CSharp\ProtoBuf-CSharp.csproj", "{AE114099-0361-48B9-AECB-41D23111F5CA}"
EndProject
Project("{8BC9CEB8-8B4A-11D0-8D11-00A0C91BC942}") = "ProtoBuf-CPP", "ProtoBuf-CPP\ProtoBuf-CPP.vcxproj", "{B4ADEC37-F7DE-4983-B6A1-8DE6C8331AAC}"
EndProject
Project("{FAE04EC0-301F-11D3-BF4B-00C04F79EFBC}") = "ProtoBuf-Net-Unity", "ProtoBuf-Net-Unity\ProtoBuf-Net-Unity.csproj", "{65A793DB-49B9-4563-B028-BDF958A915CE}"
EndProject
Project("{2150E333-8FDC-42A3-9474-1A3956D46DE8}") = "1. CodeGenerator", "1. CodeGenerator", "{FC13D434-BCCA-4798-A3BC-41DD8CCB2454}"
EndProject
Project("{2150E333-8FDC-42A3-9474-1A3956D46DE8}") = "0. TypeDefines", "0. TypeDefines", "{069445E1-71EE-408F-A628-5156225D34C0}"
	ProjectSection(SolutionItems) = preProject
		..\ProtoBuf-TypeDefines\protocol.CommandType.proto = ..\ProtoBuf-TypeDefines\protocol.CommandType.proto
		..\ProtoBuf-TypeDefines\protocol.Packet.proto = ..\ProtoBuf-TypeDefines\protocol.Packet.proto
		..\ProtoBuf-TypeDefines\tutorial.hierarchy.proto = ..\ProtoBuf-TypeDefines\tutorial.hierarchy.proto
		..\ProtoBuf-TypeDefines\tutorial.player.proto = ..\ProtoBuf-TypeDefines\tutorial.player.proto
	EndProjectSection
EndProject
Project("{8BC9CEB8-8B4A-11D0-8D11-00A0C91BC942}") = "ProtoBuf-Generator", "ProtoBuf-Generator\ProtoBuf-Generator.vcxproj", "{C9CABCA3-DE21-4C06-AAA3-E7E3A88549C2}"
EndProject
Global
	GlobalSection(SolutionConfigurationPlatforms) = preSolution
		CodeGen|Any CPU = CodeGen|Any CPU
		CodeGen|x64 = CodeGen|x64
		CodeGen|x86 = CodeGen|x86
		Debug|Any CPU = Debug|Any CPU
		Debug|x64 = Debug|x64
		Debug|x86 = Debug|x86
		Release|Any CPU = Release|Any CPU
		Release|x64 = Release|x64
		Release|x86 = Release|x86
	EndGlobalSection
	GlobalSection(ProjectConfigurationPlatforms) = postSolution
		{AE114099-0361-48B9-AECB-41D23111F5CA}.CodeGen|Any CPU.ActiveCfg = Debug|Any CPU
		{AE114099-0361-48B9-AECB-41D23111F5CA}.CodeGen|Any CPU.Build.0 = Debug|Any CPU
		{AE114099-0361-48B9-AECB-41D23111F5CA}.CodeGen|x64.ActiveCfg = Debug|Any CPU
		{AE114099-0361-48B9-AECB-41D23111F5CA}.CodeGen|x86.ActiveCfg = Debug|Any CPU
		{AE114099-0361-48B9-AECB-41D23111F5CA}.CodeGen|x86.Build.0 = Debug|Any CPU
		{AE114099-0361-48B9-AECB-41D23111F5CA}.Debug|Any CPU.ActiveCfg = Debug|Any CPU
		{AE114099-0361-48B9-AECB-41D23111F5CA}.Debug|Any CPU.Build.0 = Debug|Any CPU
		{AE114099-0361-48B9-AECB-41D23111F5CA}.Debug|x64.ActiveCfg = Debug|Any CPU
		{AE114099-0361-48B9-AECB-41D23111F5CA}.Debug|x64.Build.0 = Debug|Any CPU
		{AE114099-0361-48B9-AECB-41D23111F5CA}.Debug|x86.ActiveCfg = Debug|Any CPU
		{AE114099-0361-48B9-AECB-41D23111F5CA}.Debug|x86.Build.0 = Debug|Any CPU
		{AE114099-0361-48B9-AECB-41D23111F5CA}.Release|Any CPU.ActiveCfg = Release|Any CPU
		{AE114099-0361-48B9-AECB-41D23111F5CA}.Release|Any CPU.Build.0 = Release|Any CPU
		{AE114099-0361-48B9-AECB-41D23111F5CA}.Release|x64.ActiveCfg = Release|Any CPU
		{AE114099-0361-48B9-AECB-41D23111F5CA}.Release|x64.Build.0 = Release|Any CPU
		{AE114099-0361-48B9-AECB-41D23111F5CA}.Release|x86.ActiveCfg = Release|Any CPU
		{AE114099-0361-48B9-AECB-41D23111F5CA}.Release|x86.Build.0 = Release|Any CPU
		{B4ADEC37-F7DE-4983-B6A1-8DE6C8331AAC}.CodeGen|Any CPU.ActiveCfg = Release|x64
		{B4ADEC37-F7DE-4983-B6A1-8DE6C8331AAC}.CodeGen|Any CPU.Build.0 = Release|x64
		{B4ADEC37-F7DE-4983-B6A1-8DE6C8331AAC}.CodeGen|x64.ActiveCfg = Debug|x64
		{B4ADEC37-F7DE-4983-B6A1-8DE6C8331AAC}.CodeGen|x86.ActiveCfg = Release|Win32
		{B4ADEC37-F7DE-4983-B6A1-8DE6C8331AAC}.CodeGen|x86.Build.0 = Release|Win32
		{B4ADEC37-F7DE-4983-B6A1-8DE6C8331AAC}.Debug|Any CPU.ActiveCfg = Debug|x64
		{B4ADEC37-F7DE-4983-B6A1-8DE6C8331AAC}.Debug|Any CPU.Build.0 = Debug|x64
		{B4ADEC37-F7DE-4983-B6A1-8DE6C8331AAC}.Debug|x64.ActiveCfg = Debug|x64
		{B4ADEC37-F7DE-4983-B6A1-8DE6C8331AAC}.Debug|x64.Build.0 = Debug|x64
		{B4ADEC37-F7DE-4983-B6A1-8DE6C8331AAC}.Debug|x86.ActiveCfg = Debug|Win32
		{B4ADEC37-F7DE-4983-B6A1-8DE6C8331AAC}.Debug|x86.Build.0 = Debug|Win32
		{B4ADEC37-F7DE-4983-B6A1-8DE6C8331AAC}.Release|Any CPU.ActiveCfg = Release|x64
		{B4ADEC37-F7DE-4983-B6A1-8DE6C8331AAC}.Release|Any CPU.Build.0 = Release|x64
		{B4ADEC37-F7DE-4983-B6A1-8DE6C8331AAC}.Release|x64.ActiveCfg = Release|x64
		{B4ADEC37-F7DE-4983-B6A1-8DE6C8331AAC}.Release|x64.Build.0 = Release|x64
		{B4ADEC37-F7DE-4983-B6A1-8DE6C8331AAC}.Release|x86.ActiveCfg = Release|Win32
		{B4ADEC37-F7DE-4983-B6A1-8DE6C8331AAC}.Release|x86.Build.0 = Release|Win32
		{65A793DB-49B9-4563-B028-BDF958A915CE}.CodeGen|Any CPU.ActiveCfg = Debug|Any CPU
		{65A793DB-49B9-4563-B028-BDF958A915CE}.CodeGen|Any CPU.Build.0 = Debug|Any CPU
		{65A793DB-49B9-4563-B028-BDF958A915CE}.CodeGen|x64.ActiveCfg = Debug|Any CPU
		{65A793DB-49B9-4563-B028-BDF958A915CE}.CodeGen|x86.ActiveCfg = Release|Any CPU
		{65A793DB-49B9-4563-B028-BDF958A915CE}.Debug|Any CPU.ActiveCfg = Debug|Any CPU
		{65A793DB-49B9-4563-B028-BDF958A915CE}.Debug|Any CPU.Build.0 = Debug|Any CPU
		{65A793DB-49B9-4563-B028-BDF958A915CE}.Debug|x64.ActiveCfg = Debug|Any CPU
		{65A793DB-49B9-4563-B028-BDF958A915CE}.Debug|x64.Build.0 = Debug|Any CPU
		{65A793DB-49B9-4563-B028-BDF958A915CE}.Debug|x86.ActiveCfg = Debug|Any CPU
		{65A793DB-49B9-4563-B028-BDF958A915CE}.Debug|x86.Build.0 = Debug|Any CPU
		{65A793DB-49B9-4563-B028-BDF958A915CE}.Release|Any CPU.ActiveCfg = Release|Any CPU
		{65A793DB-49B9-4563-B028-BDF958A915CE}.Release|Any CPU.Build.0 = Release|Any CPU
		{65A793DB-49B9-4563-B028-BDF958A915CE}.Release|x64.ActiveCfg = Release|Any CPU
		{65A793DB-49B9-4563-B028-BDF958A915CE}.Release|x64.Build.0 = Release|Any CPU
		{65A793DB-49B9-4563-B028-BDF958A915CE}.Release|x86.ActiveCfg = Release|Any CPU
		{65A793DB-49B9-4563-B028-BDF958A915CE}.Release|x86.Build.0 = Release|Any CPU
		{C9CABCA3-DE21-4C06-AAA3-E7E3A88549C2}.CodeGen|Any CPU.ActiveCfg = CodeGen|x64
		{C9CABCA3-DE21-4C06-AAA3-E7E3A88549C2}.CodeGen|Any CPU.Build.0 = CodeGen|x64
		{C9CABCA3-DE21-4C06-AAA3-E7E3A88549C2}.CodeGen|x64.ActiveCfg = CodeGen|x64
		{C9CABCA3-DE21-4C06-AAA3-E7E3A88549C2}.CodeGen|x64.Build.0 = CodeGen|x64
		{C9CABCA3-DE21-4C06-AAA3-E7E3A88549C2}.CodeGen|x86.ActiveCfg = CodeGen|x64
		{C9CABCA3-DE21-4C06-AAA3-E7E3A88549C2}.Debug|Any CPU.ActiveCfg = CodeGen|x64
		{C9CABCA3-DE21-4C06-AAA3-E7E3A88549C2}.Debug|x64.ActiveCfg = CodeGen|x64
		{C9CABCA3-DE21-4C06-AAA3-E7E3A88549C2}.Debug|x86.ActiveCfg = CodeGen|x64
		{C9CABCA3-DE21-4C06-AAA3-E7E3A88549C2}.Release|Any CPU.ActiveCfg = CodeGen|x64
		{C9CABCA3-DE21-4C06-AAA3-E7E3A88549C2}.Release|x64.ActiveCfg = CodeGen|x64
		{C9CABCA3-DE21-4C06-AAA3-E7E3A88549C2}.Release|x86.ActiveCfg = CodeGen|x64
	EndGlobalSection
	GlobalSection(SolutionProperties) = preSolution
		HideSolutionNode = FALSE
	EndGlobalSection
	GlobalSection(NestedProjects) = preSolution
		{C9CABCA3-DE21-4C06-AAA3-E7E3A88549C2} = {FC13D434-BCCA-4798-A3BC-41DD8CCB2454}
	EndGlobalSection
	GlobalSection(ExtensibilityGlobals) = postSolution
		SolutionGuid = {9EF20B7E-554A-4B6C-BBEC-BA3BE56673C1}
	EndGlobalSection
EndGlobal
