<?xml version="1.0" encoding="utf-8"?>
<Project ToolsVersion="4.0" xmlns="http://schemas.microsoft.com/developer/msbuild/2003">
  <ItemGroup>
    <ClCompile Include="main.cpp" />
    <ClCompile Include="stdafx.cpp">
      <Filter>0.Common</Filter>
    </ClCompile>
  </ItemGroup>
  <ItemGroup>
    <ClInclude Include="stdafx.h">
      <Filter>0.Common</Filter>
    </ClInclude>
    <ClInclude Include="targetver.h">
      <Filter>0.Common</Filter>
    </ClInclude>
    <ClInclude Include="MemoryAllocCase.hpp">
      <Filter>Logic</Filter>
    </ClInclude>
  </ItemGroup>
  <ItemGroup>
    <Filter Include="0.Common">
      <UniqueIdentifier>{11d1844a-b17e-4fe3-a491-9ac1befc85db}</UniqueIdentifier>
    </Filter>
    <Filter Include="Logic">
      <UniqueIdentifier>{9d3ee956-6aea-4ab5-896f-23ba71be5c83}</UniqueIdentifier>
    </Filter>
  </ItemGroup>
</Project>