<?xml version="1.0" encoding="utf-8"?>
<Project ToolsVersion="4.0" xmlns="http://schemas.microsoft.com/developer/msbuild/2003">
  <ItemGroup>
    <Filter Include="0.Common">
      <UniqueIdentifier>{9e935890-8f9f-4c83-929f-43025a417299}</UniqueIdentifier>
    </Filter>
    <Filter Include="Logic">
      <UniqueIdentifier>{d32318ed-145b-4954-80ff-776801391b25}</UniqueIdentifier>
    </Filter>
    <Filter Include="Info">
      <UniqueIdentifier>{88b95c5a-b86a-489f-be74-dc3a9b3e354b}</UniqueIdentifier>
    </Filter>
  </ItemGroup>
  <ItemGroup>
    <ClCompile Include="main.cpp" />
    <ClCompile Include="stdafx.cpp">
      <Filter>0.Common</Filter>
    </ClCompile>
    <ClCompile Include="LFH_MemoryAllocation.cpp">
      <Filter>Logic</Filter>
    </ClCompile>
  </ItemGroup>
  <ItemGroup>
    <ClInclude Include="stdafx.h">
      <Filter>0.Common</Filter>
    </ClInclude>
    <ClInclude Include="Function.h" />
    <ClInclude Include="targetver.h">
      <Filter>0.Common</Filter>
    </ClInclude>
  </ItemGroup>
  <ItemGroup>
    <Image Include="lfh_result.png">
      <Filter>Info</Filter>
    </Image>
  </ItemGroup>
</Project>