
Microsoft Visual Studio Solution File, Format Version 12.00
# Visual Studio Version 17
VisualStudioVersion = 17.4.33205.214
MinimumVisualStudioVersion = 10.0.40219.1
Project("{FAE04EC0-301F-11D3-BF4B-00C04F79EFBC}") = "NLog-.Net5", "NLog-.Net5\NLog-.Net5.csproj", "{BEE605DF-0E67-4E89-AEDD-9E30AA138F49}"
EndProject
Global
	GlobalSection(SolutionConfigurationPlatforms) = preSolution
		Debug|Any CPU = Debug|Any CPU
		Release|Any CPU = Release|Any CPU
	EndGlobalSection
	GlobalSection(ProjectConfigurationPlatforms) = postSolution
		{BEE605DF-0E67-4E89-AEDD-9E30AA138F49}.Debug|Any CPU.ActiveCfg = Debug|Any CPU
		{BEE605DF-0E67-4E89-AEDD-9E30AA138F49}.Debug|Any CPU.Build.0 = Debug|Any CPU
		{BEE605DF-0E67-4E89-AEDD-9E30AA138F49}.Release|Any CPU.ActiveCfg = Release|Any CPU
		{BEE605DF-0E67-4E89-AEDD-9E30AA138F49}.Release|Any CPU.Build.0 = Release|Any CPU
	EndGlobalSection
	GlobalSection(SolutionProperties) = preSolution
		HideSolutionNode = FALSE
	EndGlobalSection
	GlobalSection(ExtensibilityGlobals) = postSolution
		SolutionGuid = {44E2C9AF-3A37-4781-A3EB-DE4E52AF6226}
	EndGlobalSection
EndGlobal
