
Microsoft Visual Studio Solution File, Format Version 12.00
# Visual Studio 15
VisualStudioVersion = 15.0.28307.1259
MinimumVisualStudioVersion = 10.0.40219.1
Project("{FAE04EC0-301F-11D3-BF4B-00C04F79EFBC}") = "CSharp", "CSharp\CSharp.csproj", "{83F9E001-781F-4F64-A98B-39F71D0DA627}"
EndProject
Project("{9A19103F-16F7-4668-BE54-9A1E7A4F7556}") = "CSharp-.Net5", "CSharp-.Net5\CSharp-.Net5.csproj", "{8558004D-C407-4730-92EE-214C7688DF49}"
EndProject
Global
	GlobalSection(SolutionConfigurationPlatforms) = preSolution
		Debug|Any CPU = Debug|Any CPU
		Release|Any CPU = Release|Any CPU
	EndGlobalSection
	GlobalSection(ProjectConfigurationPlatforms) = postSolution
		{83F9E001-781F-4F64-A98B-39F71D0DA627}.Debug|Any CPU.ActiveCfg = Debug|Any CPU
		{83F9E001-781F-4F64-A98B-39F71D0DA627}.Debug|Any CPU.Build.0 = Debug|Any CPU
		{83F9E001-781F-4F64-A98B-39F71D0DA627}.Release|Any CPU.ActiveCfg = Release|Any CPU
		{83F9E001-781F-4F64-A98B-39F71D0DA627}.Release|Any CPU.Build.0 = Release|Any CPU
		{8558004D-C407-4730-92EE-214C7688DF49}.Debug|Any CPU.ActiveCfg = Debug|Any CPU
		{8558004D-C407-4730-92EE-214C7688DF49}.Debug|Any CPU.Build.0 = Debug|Any CPU
		{8558004D-C407-4730-92EE-214C7688DF49}.Release|Any CPU.ActiveCfg = Release|Any CPU
		{8558004D-C407-4730-92EE-214C7688DF49}.Release|Any CPU.Build.0 = Release|Any CPU
	EndGlobalSection
	GlobalSection(SolutionProperties) = preSolution
		HideSolutionNode = FALSE
	EndGlobalSection
	GlobalSection(ExtensibilityGlobals) = postSolution
		SolutionGuid = {B4958049-CFE3-49F0-9481-516235136C4F}
	EndGlobalSection
EndGlobal
