<?xml version="1.0" encoding="utf-8"?>
<Project ToolsVersion="4.0" xmlns="http://schemas.microsoft.com/developer/msbuild/2003">
  <ItemGroup>
    <Filter Include="0.Common">
      <UniqueIdentifier>{cba545b0-c841-4307-8897-02795d64fae7}</UniqueIdentifier>
    </Filter>
    <Filter Include="Logic">
      <UniqueIdentifier>{1ee8529f-2e23-4e62-b75f-f90fdd5e065c}</UniqueIdentifier>
    </Filter>
  </ItemGroup>
  <ItemGroup>
    <ClInclude Include="stdafx.h">
      <Filter>0.Common</Filter>
    </ClInclude>
    <ClInclude Include="Function.h" />
    <ClInclude Include="targetver.h">
      <Filter>0.Common</Filter>
    </ClInclude>
  </ItemGroup>
  <ItemGroup>
    <ClCompile Include="stdafx.cpp">
      <Filter>0.Common</Filter>
    </ClCompile>
    <ClCompile Include="main.cpp" />
    <ClCompile Include="TBB_MemoryAllocation.cpp">
      <Filter>Logic</Filter>
    </ClCompile>
  </ItemGroup>
</Project>